
Microsoft Visual Studio Solution File, Format Version 12.00
# Visual Studio Version 17
VisualStudioVersion = 17.11.35312.102
MinimumVisualStudioVersion = 10.0.40219.1
Project("{FAE04EC0-301F-11D3-BF4B-00C04F79EFBC}") = "ApexCareSolutions", "ApexCareSolutions.csproj", "{3A4D028B-0987-491F-94D5-DE246C20BB0E}"
EndProject
Global
	GlobalSection(SolutionConfigurationPlatforms) = preSolution
		Debug|Any CPU = Debug|Any CPU
		Release|Any CPU = Release|Any CPU
	EndGlobalSection
	GlobalSection(ProjectConfigurationPlatforms) = postSolution
		{3A4D028B-0987-491F-94D5-DE246C20BB0E}.Debug|Any CPU.ActiveCfg = Debug|Any CPU
		{3A4D028B-0987-491F-94D5-DE246C20BB0E}.Debug|Any CPU.Build.0 = Debug|Any CPU
		{3A4D028B-0987-491F-94D5-DE246C20BB0E}.Release|Any CPU.ActiveCfg = Release|Any CPU
		{3A4D028B-0987-491F-94D5-DE246C20BB0E}.Release|Any CPU.Build.0 = Release|Any CPU
	EndGlobalSection
	GlobalSection(SolutionProperties) = preSolution
		HideSolutionNode = FALSE
	EndGlobalSection
	GlobalSection(ExtensibilityGlobals) = postSolution
		SolutionGuid = {4DE0629B-0088-4C8A-9D8E-B6BB2F86AEED}
	EndGlobalSection
EndGlobal
